
Microsoft Visual Studio Solution File, Format Version 12.00
# Visual Studio Version 17
VisualStudioVersion = 17.2.32516.85
MinimumVisualStudioVersion = 10.0.40219.1
Project("{9A19103F-16F7-4668-BE54-9A1E7A4F7556}") = "ClientProj", "ClientProj\ClientProj.csproj", "{77DE5003-C003-4C06-91E5-7F37138A27A2}"
EndProject
Project("{9A19103F-16F7-4668-BE54-9A1E7A4F7556}") = "Packets", "Packets\Packets.csproj", "{65837720-AC9D-40EF-AE0D-976E58D7D118}"
EndProject
Project("{FAE04EC0-301F-11D3-BF4B-00C04F79EFBC}") = "ServerProject", "ServerProject\ServerProject.csproj", "{94C9C402-021E-4FF1-97B6-20EAF19DC01B}"
EndProject
Global
	GlobalSection(SolutionConfigurationPlatforms) = preSolution
		Debug|Any CPU = Debug|Any CPU
		Release|Any CPU = Release|Any CPU
	EndGlobalSection
	GlobalSection(ProjectConfigurationPlatforms) = postSolution
		{77DE5003-C003-4C06-91E5-7F37138A27A2}.Debug|Any CPU.ActiveCfg = Debug|Any CPU
		{77DE5003-C003-4C06-91E5-7F37138A27A2}.Debug|Any CPU.Build.0 = Debug|Any CPU
		{77DE5003-C003-4C06-91E5-7F37138A27A2}.Release|Any CPU.ActiveCfg = Release|Any CPU
		{77DE5003-C003-4C06-91E5-7F37138A27A2}.Release|Any CPU.Build.0 = Release|Any CPU
		{65837720-AC9D-40EF-AE0D-976E58D7D118}.Debug|Any CPU.ActiveCfg = Debug|Any CPU
		{65837720-AC9D-40EF-AE0D-976E58D7D118}.Debug|Any CPU.Build.0 = Debug|Any CPU
		{65837720-AC9D-40EF-AE0D-976E58D7D118}.Release|Any CPU.ActiveCfg = Release|Any CPU
		{65837720-AC9D-40EF-AE0D-976E58D7D118}.Release|Any CPU.Build.0 = Release|Any CPU
		{94C9C402-021E-4FF1-97B6-20EAF19DC01B}.Debug|Any CPU.ActiveCfg = Debug|Any CPU
		{94C9C402-021E-4FF1-97B6-20EAF19DC01B}.Debug|Any CPU.Build.0 = Debug|Any CPU
		{94C9C402-021E-4FF1-97B6-20EAF19DC01B}.Release|Any CPU.ActiveCfg = Release|Any CPU
		{94C9C402-021E-4FF1-97B6-20EAF19DC01B}.Release|Any CPU.Build.0 = Release|Any CPU
	EndGlobalSection
	GlobalSection(SolutionProperties) = preSolution
		HideSolutionNode = FALSE
	EndGlobalSection
	GlobalSection(ExtensibilityGlobals) = postSolution
		SolutionGuid = {895CB57D-F1AD-477F-9074-557BA5ECDF02}
	EndGlobalSection
EndGlobal
