
Microsoft Visual Studio Solution File, Format Version 12.00
# Visual Studio Version 17
VisualStudioVersion = 17.2.32516.85
MinimumVisualStudioVersion = 10.0.40219.1
Project("{FAE04EC0-301F-11D3-BF4B-00C04F79EFBC}") = "ClientProj", "ClientProj\ClientProj.csproj", "{77DE5003-C003-4C06-91E5-7F37138A27A2}"
EndProject
Project("{FAE04EC0-301F-11D3-BF4B-00C04F79EFBC}") = "ServerProj", "ServerProj\ServerProj.csproj", "{BF8064F0-FDFB-450E-9F9E-EEC650D998A7}"
EndProject
Global
	GlobalSection(SolutionConfigurationPlatforms) = preSolution
		Debug|Any CPU = Debug|Any CPU
		Release|Any CPU = Release|Any CPU
	EndGlobalSection
	GlobalSection(ProjectConfigurationPlatforms) = postSolution
		{77DE5003-C003-4C06-91E5-7F37138A27A2}.Debug|Any CPU.ActiveCfg = Debug|Any CPU
		{77DE5003-C003-4C06-91E5-7F37138A27A2}.Debug|Any CPU.Build.0 = Debug|Any CPU
		{77DE5003-C003-4C06-91E5-7F37138A27A2}.Release|Any CPU.ActiveCfg = Release|Any CPU
		{77DE5003-C003-4C06-91E5-7F37138A27A2}.Release|Any CPU.Build.0 = Release|Any CPU
		{BF8064F0-FDFB-450E-9F9E-EEC650D998A7}.Debug|Any CPU.ActiveCfg = Debug|Any CPU
		{BF8064F0-FDFB-450E-9F9E-EEC650D998A7}.Debug|Any CPU.Build.0 = Debug|Any CPU
		{BF8064F0-FDFB-450E-9F9E-EEC650D998A7}.Release|Any CPU.ActiveCfg = Release|Any CPU
		{BF8064F0-FDFB-450E-9F9E-EEC650D998A7}.Release|Any CPU.Build.0 = Release|Any CPU
	EndGlobalSection
	GlobalSection(SolutionProperties) = preSolution
		HideSolutionNode = FALSE
	EndGlobalSection
	GlobalSection(ExtensibilityGlobals) = postSolution
		SolutionGuid = {895CB57D-F1AD-477F-9074-557BA5ECDF02}
	EndGlobalSection
EndGlobal
